Microsoft Visual Studio Solution File, Format Version 12.00
# Visual Studio 2012
Project("{FAE04EC0-301F-11D3-BF4B-00C04F79EFBC}") = "New Game Project", "New Game Project.csproj", "{D47D00CC-05A2-43B7-A590-06E8540A6A6F}"
EndProject
Global
	GlobalSection(SolutionConfigurationPlatforms) = preSolution
	Debug|Any CPU = Debug|Any CPU
	ExportDebug|Any CPU = ExportDebug|Any CPU
	ExportRelease|Any CPU = ExportRelease|Any CPU
	EndGlobalSection
	GlobalSection(ProjectConfigurationPlatforms) = postSolution
		{D47D00CC-05A2-43B7-A590-06E8540A6A6F}.Debug|Any CPU.ActiveCfg = Debug|Any CPU
		{D47D00CC-05A2-43B7-A590-06E8540A6A6F}.Debug|Any CPU.Build.0 = Debug|Any CPU
		{D47D00CC-05A2-43B7-A590-06E8540A6A6F}.ExportDebug|Any CPU.ActiveCfg = ExportDebug|Any CPU
		{D47D00CC-05A2-43B7-A590-06E8540A6A6F}.ExportDebug|Any CPU.Build.0 = ExportDebug|Any CPU
		{D47D00CC-05A2-43B7-A590-06E8540A6A6F}.ExportRelease|Any CPU.ActiveCfg = ExportRelease|Any CPU
		{D47D00CC-05A2-43B7-A590-06E8540A6A6F}.ExportRelease|Any CPU.Build.0 = ExportRelease|Any CPU
	EndGlobalSection
EndGlobal
